
Microsoft Visual Studio Solution File, Format Version 12.00
# Visual Studio Version 17
VisualStudioVersion = 17.14.37216.2 d17.14
MinimumVisualStudioVersion = 10.0.40219.1
Project("{FAE04EC0-301F-11D3-BF4B-00C04F79EFBC}") = "ControleOrdensServico", "ControleOrdensServico.csproj", "{87276922-4F7D-4FE9-9F55-59F0C4954EFA}"
EndProject
Global
	GlobalSection(SolutionConfigurationPlatforms) = preSolution
		Debug|Any CPU = Debug|Any CPU
		Release|Any CPU = Release|Any CPU
	EndGlobalSection
	GlobalSection(ProjectConfigurationPlatforms) = postSolution
		{87276922-4F7D-4FE9-9F55-59F0C4954EFA}.Debug|Any CPU.ActiveCfg = Debug|Any CPU
		{87276922-4F7D-4FE9-9F55-59F0C4954EFA}.Debug|Any CPU.Build.0 = Debug|Any CPU
		{87276922-4F7D-4FE9-9F55-59F0C4954EFA}.Release|Any CPU.ActiveCfg = Release|Any CPU
		{87276922-4F7D-4FE9-9F55-59F0C4954EFA}.Release|Any CPU.Build.0 = Release|Any CPU
	EndGlobalSection
	GlobalSection(SolutionProperties) = preSolution
		HideSolutionNode = FALSE
	EndGlobalSection
	GlobalSection(ExtensibilityGlobals) = postSolution
		SolutionGuid = {2693B0EB-9A60-4FB5-8C7F-071B2C9630FE}
	EndGlobalSection
EndGlobal
